
Microsoft Visual Studio Solution File, Format Version 12.00
# Visual Studio 15
VisualStudioVersion = 15.0.27703.2047
MinimumVisualStudioVersion = 10.0.40219.1
Project("{FAE04EC0-301F-11D3-BF4B-00C04F79EFBC}") = "Projeto_Blog_Model", "Projeto_Blog\Projeto_Blog_Model.csproj", "{2D369765-2843-4097-B536-6C4334B2F465}"
EndProject
Project("{FAE04EC0-301F-11D3-BF4B-00C04F79EFBC}") = "Projeto_Blog_DAO", "Projeto_Blog_DAO\Projeto_Blog_DAO.csproj", "{8FBA781C-8E85-4D47-ADB4-84841E6DB04F}"
EndProject
Project("{FAE04EC0-301F-11D3-BF4B-00C04F79EFBC}") = "ConsoleApp1", "ConsoleApp1\ConsoleApp1.csproj", "{0722DF1B-89B7-46AB-A322-6E23589BE1E9}"
EndProject
Global
	GlobalSection(SolutionConfigurationPlatforms) = preSolution
		Debug|Any CPU = Debug|Any CPU
		Release|Any CPU = Release|Any CPU
	EndGlobalSection
	GlobalSection(ProjectConfigurationPlatforms) = postSolution
		{2D369765-2843-4097-B536-6C4334B2F465}.Debug|Any CPU.ActiveCfg = Debug|Any CPU
		{2D369765-2843-4097-B536-6C4334B2F465}.Debug|Any CPU.Build.0 = Debug|Any CPU
		{2D369765-2843-4097-B536-6C4334B2F465}.Release|Any CPU.ActiveCfg = Release|Any CPU
		{2D369765-2843-4097-B536-6C4334B2F465}.Release|Any CPU.Build.0 = Release|Any CPU
		{8FBA781C-8E85-4D47-ADB4-84841E6DB04F}.Debug|Any CPU.ActiveCfg = Debug|Any CPU
		{8FBA781C-8E85-4D47-ADB4-84841E6DB04F}.Debug|Any CPU.Build.0 = Debug|Any CPU
		{8FBA781C-8E85-4D47-ADB4-84841E6DB04F}.Release|Any CPU.ActiveCfg = Release|Any CPU
		{8FBA781C-8E85-4D47-ADB4-84841E6DB04F}.Release|Any CPU.Build.0 = Release|Any CPU
		{0722DF1B-89B7-46AB-A322-6E23589BE1E9}.Debug|Any CPU.ActiveCfg = Debug|Any CPU
		{0722DF1B-89B7-46AB-A322-6E23589BE1E9}.Debug|Any CPU.Build.0 = Debug|Any CPU
		{0722DF1B-89B7-46AB-A322-6E23589BE1E9}.Release|Any CPU.ActiveCfg = Release|Any CPU
		{0722DF1B-89B7-46AB-A322-6E23589BE1E9}.Release|Any CPU.Build.0 = Release|Any CPU
	EndGlobalSection
	GlobalSection(SolutionProperties) = preSolution
		HideSolutionNode = FALSE
	EndGlobalSection
	GlobalSection(ExtensibilityGlobals) = postSolution
		SolutionGuid = {ADE3133B-79C8-4D74-A172-BF4D6F008E6F}
	EndGlobalSection
EndGlobal
